
Microsoft Visual Studio Solution File, Format Version 12.00
# Visual Studio Version 17
VisualStudioVersion = 17.3.32901.215
MinimumVisualStudioVersion = 10.0.40219.1
Project("{9A19103F-16F7-4668-BE54-9A1E7A4F7556}") = "REST", "REST\REST.csproj", "{C4F1B345-5CA2-489C-AB86-4C1647F84385}"
EndProject
Project("{FAE04EC0-301F-11D3-BF4B-00C04F79EFBC}") = "Test Server", "Test Server\Test Server.csproj", "{978C9303-9866-42D0-8BE5-AD6CAFCFBC83}"
EndProject
Project("{FAE04EC0-301F-11D3-BF4B-00C04F79EFBC}") = "Test Client", "Test Client\Test Client.csproj", "{1EFF954A-7838-4221-9B86-D4A9F327DFE7}"
EndProject
Global
	GlobalSection(SolutionConfigurationPlatforms) = preSolution
		Debug|Any CPU = Debug|Any CPU
		Release|Any CPU = Release|Any CPU
	EndGlobalSection
	GlobalSection(ProjectConfigurationPlatforms) = postSolution
		{C4F1B345-5CA2-489C-AB86-4C1647F84385}.Debug|Any CPU.ActiveCfg = Debug|Any CPU
		{C4F1B345-5CA2-489C-AB86-4C1647F84385}.Debug|Any CPU.Build.0 = Debug|Any CPU
		{C4F1B345-5CA2-489C-AB86-4C1647F84385}.Release|Any CPU.ActiveCfg = Release|Any CPU
		{C4F1B345-5CA2-489C-AB86-4C1647F84385}.Release|Any CPU.Build.0 = Release|Any CPU
		{978C9303-9866-42D0-8BE5-AD6CAFCFBC83}.Debug|Any CPU.ActiveCfg = Debug|Any CPU
		{978C9303-9866-42D0-8BE5-AD6CAFCFBC83}.Debug|Any CPU.Build.0 = Debug|Any CPU
		{978C9303-9866-42D0-8BE5-AD6CAFCFBC83}.Release|Any CPU.ActiveCfg = Release|Any CPU
		{978C9303-9866-42D0-8BE5-AD6CAFCFBC83}.Release|Any CPU.Build.0 = Release|Any CPU
		{1EFF954A-7838-4221-9B86-D4A9F327DFE7}.Debug|Any CPU.ActiveCfg = Debug|Any CPU
		{1EFF954A-7838-4221-9B86-D4A9F327DFE7}.Debug|Any CPU.Build.0 = Debug|Any CPU
		{1EFF954A-7838-4221-9B86-D4A9F327DFE7}.Release|Any CPU.ActiveCfg = Release|Any CPU
		{1EFF954A-7838-4221-9B86-D4A9F327DFE7}.Release|Any CPU.Build.0 = Release|Any CPU
	EndGlobalSection
	GlobalSection(SolutionProperties) = preSolution
		HideSolutionNode = FALSE
	EndGlobalSection
	GlobalSection(ExtensibilityGlobals) = postSolution
		SolutionGuid = {4A6167B6-CA48-4377-9F34-4F5BFEFD9862}
	EndGlobalSection
EndGlobal
